{
  "nodes": {
    "nixpkgs": {
      "locked": {
        "lastModified": 1729292208,
        "narHash": "sha256-iU4LFR4elbc1xOCdnHn7jbOFwh4U1qNQv6AstihfPl8=",
        "owner": "nixos",
        "repo": "nixpkgs",
        "rev": "2e4b5bc037a0211624ffb547fbf8e13e9d11b468",
        "type": "github"
      },
      "original": {
        "owner": "nixos",
        "ref": "staging",
        "repo": "nixpkgs",
        "type": "github"
      }
    },
    "root": {
      "inputs": {
        "nixpkgs": "nixpkgs",
        "swift-github": "swift-github"
      }
    },
    "swift-github": {
      "flake": false,
      "locked": {
        "lastModified": 1729291719,
        "narHash": "sha256-d7AXUWD1YtUf/V5GjfExnh+VnnQA98jvx3cft1NsS2Y=",
        "owner": "swiftlang",
        "repo": "swift",
        "rev": "2f184f7bace2df6565caa953886d2e315aaa370c",
        "type": "github"
      },
      "original": {
        "owner": "swiftlang",
        "repo": "swift",
        "type": "github"
      }
    }
  },
  "root": "root",
  "version": 7
}
